=====RUWY^0bcQ0`bYfQdU0[Ui=====]YYSg‡YRQQ[RwaSd{vˆ|UI„`?;C[~„aFˆ…{y„jZCXtb~Xx„{Š_eDjIES‡iuƒh~CWIsi^]exdC…Š;|[B…SD[uDaauR†c€dzC^BR|gh_Zƒh†Z@Bq[ˆI‡}~}~\]‡I^gq†[sDq|zxgTuYTut‰wuAu^jD@|FG[ƒdU~‚xZEve?uhyaCybHXZWZwaYTQaQRQWQQr]HBZrbRCUUywB}wh;g;tQ]_‰c†cŠ\^„Az‚]htjqcG[Ue…‡urieR|‚Gƒb‚ˆIvqˆ?†RbWˆSjs@€{rvfzxQs[F;ga|„tGWIbZ\~ƒƒUu]ecTy]}jS…HtefYhˆdX‰_‚„B[?…cBwF]ajC„H‚vdRz?Bt]Qcu]HDT}`ZbˆHUSaaSAUˆ\…†gu;„@^HRX…xŠg?[irZc€aUcWuy€jS‰{ŠgYe€rH;;AaVzŠ[AwTˆ\_]_EYR[z?„SqcXSHjgv\HR~\Q{UQ@[XjtyˆHtTXFssd…‡„‡v`€wzstq;{XG;fw[H~u{WWRrEEVsiB_]w†be~}‡fbXe`bzYH‡FT^„vqH\d_ACc‡i‡ZQ_„†riZtdˆv‰C|U„QW_?Hyi~?Vd|h‰tyrdBbdXƒb„^@hjrZ‰rtVvBZ^ŠbqE`‰‚}qUWxˆjcce^Ius?wYƒYj‡ZQiSvY\‰`†„S~DƒYzQ^{dCzidhSi{S@Uq‚WU;a„RWq[‚hBxr\U\†qZ‰A‰I€d?IUDŠyG}ˆƒsay[Ab„xT`[RaqB‡ZQi‚€U{Xh„i‰gF[ˆy\‰s{fE€|u†@~qQqEWa?hi}q€_†XWyŠ?qdEufˆrVFYffjhhjƒˆq‡vyZzF?]FIŠ‚zˆVTU‡MM=====U^T0bcQ0`bYfQdU0[Ui=====