55555JMOQV(Z[I(XZQ^I\M(SMa55555UQQK_QJIISJoYKZ<Å~Åura9Çby>oNLN<Å^^k9Lu@U==SwÄM^ZzZ^y:Nk3k:nPxnPvVÇSa?NTs[}3iq>ÅMÄJyxIK_7mwZ~zUM3pppNTt@QbÄT}PIPÄNO`SUo}?>Yj?qbjaox]WVoa;]rW:tWowMÇIlmmÅn;3V}W@~9ÅA=m:iÇÇKx>Ç~Pu3>jlQLIYIJIwOIIR;]>|TJ|KQAq^wNW;O3:@Ä@ÄLnv8@ÅTS@7ÅS:Au^I3QJ\n}OO_MX~;K``itz{yvnNZr@NXANwymtXl;>@XS`]NoLWYV_ÅI7skaTtQzn3Vma}Yb\RY8Pj~TI<x:\nPw>|_i<u[~yxiyKlU|k^Ä:[uo^Ç>j_LK7ÇrUlt3:MKYYK=ozÄ@uL?3\]Äm;R?<JÄ:7isnUN[=:Lxm|X;Jb}JxoK9~v>zÅYR;K?otMZrPr>vzqÅIZÄ}?@<m]NuUnMmbn;qVIsMIÅ^Qr7]V]ÇzOrO_]QRK?Å}YXsyAw:|nnT8Zv3[s7p99S=VÇNUÄsmptun^UÄV9Nn?I_<OiO3A=W~AVvkÅq\Z3VMRIX[tU[_~UoX8|S>9rX7\oy}a<i>OsQ{wu:jqzy~r_]ulkP`s:8a^tkÅmW@PzlX99m]SKpN\VÅZTOw9uyRaR^YRIW}~spyRvV||@~lr=KoaPuqrWq=OpY=?\{8=tY<Kn}?SNjWjz?vp_rj}8J_7riA:]tXWatKiJt@n\Iy]>|9PVyRIlÇ@KI\KIJ8;\{JYTÇVRQO8RsO<Uj|@7@^^SO;;SnyxVwU9K[q@kÄM9lÇqt`:oq];p8^]AxÄÅn{t7@oÄAzxLoEE55555MVL(Z[I(XZQ^I\M(SMa55555